
Microsoft Visual Studio Solution File, Format Version 12.00
# Visual Studio Version 16
VisualStudioVersion = 16.0.34902.97
MinimumVisualStudioVersion = 10.0.40219.1
Project("{D2ABAB84-BF74-430A-B69E-9DC6D40DDA17}") = "OLAP_DataStar_Multidimensional", "OLAP_DataStar_Multidimensional\OLAP_DataStar_Multidimensional.dwproj", "{8D79CCBD-0FC1-430B-BBED-77DA544AB958}"
EndProject
Global
	GlobalSection(SolutionConfigurationPlatforms) = preSolution
		Development|Default = Development|Default
	EndGlobalSection
	GlobalSection(ProjectConfigurationPlatforms) = postSolution
		{8D79CCBD-0FC1-430B-BBED-77DA544AB958}.Development|Default.ActiveCfg = Development
		{8D79CCBD-0FC1-430B-BBED-77DA544AB958}.Development|Default.Build.0 = Development
		{8D79CCBD-0FC1-430B-BBED-77DA544AB958}.Development|Default.Deploy.0 = Development
	EndGlobalSection
	GlobalSection(SolutionProperties) = preSolution
		HideSolutionNode = FALSE
	EndGlobalSection
	GlobalSection(ExtensibilityGlobals) = postSolution
		SolutionGuid = {CE076AC0-61E3-4774-B123-89A3E4B100A3}
	EndGlobalSection
EndGlobal
